
Microsoft Visual Studio Solution File, Format Version 12.00
# Visual Studio Version 17
VisualStudioVersion = 17.2.32630.192
MinimumVisualStudioVersion = 10.0.40219.1
Project("{FAE04EC0-301F-11D3-BF4B-00C04F79EFBC}") = "DuplicatesInArray", "DuplicatesInArray\DuplicatesInArray.csproj", "{391763A4-6C9C-44F4-9670-68A65315D995}"
EndProject
Global
	GlobalSection(SolutionConfigurationPlatforms) = preSolution
		Debug|Any CPU = Debug|Any CPU
		Release|Any CPU = Release|Any CPU
	EndGlobalSection
	GlobalSection(ProjectConfigurationPlatforms) = postSolution
		{391763A4-6C9C-44F4-9670-68A65315D995}.Debug|Any CPU.ActiveCfg = Debug|Any CPU
		{391763A4-6C9C-44F4-9670-68A65315D995}.Debug|Any CPU.Build.0 = Debug|Any CPU
		{391763A4-6C9C-44F4-9670-68A65315D995}.Release|Any CPU.ActiveCfg = Release|Any CPU
		{391763A4-6C9C-44F4-9670-68A65315D995}.Release|Any CPU.Build.0 = Release|Any CPU
	EndGlobalSection
	GlobalSection(SolutionProperties) = preSolution
		HideSolutionNode = FALSE
	EndGlobalSection
	GlobalSection(ExtensibilityGlobals) = postSolution
		SolutionGuid = {F343D4F9-5C7F-408D-87F5-BDE9EEC43924}
	EndGlobalSection
EndGlobal
